github.com/alexflint/go-arg v1.0.0 h1:VWNnY3DyBHiq5lcwY2FlCE5t5qyHNV0o5i1bkCIHprU=
github.com/alexflint/go-arg v1.0.0/go.mod h1:Cto8k5VtkP4pp0EXiWD4ZJMFOOinZ38ggVcQ/6CGuRI=
github.com/alexflint/go-scalar v1.0.0 h1:NGupf1XV/Xb04wXskDFzS0KWOLH632W/EO4fAFi+A70=
github.com/alexflint/go-scalar v1.0.0/go.mod h1:GpHzbCOZXEKMEcygYQ5n/aa4Aq84zbxjy3MxYW0gjYw=
github.com/antlr/antlr4 v0.0.0-20190313170020-28fc84874d7f h1:7TAx3xtLZLXhfmiqkfObG3uAL3UetBs+1LAVEgieE1Q=
github.com/antlr/antlr4 v0.0.0-20190313170020-28fc84874d7f/go.mod h1:T7PbCXFs94rrTttyxjbyT5+/1V8T2TYDejxUfHJjw1Y=
github.com/coreos/go-systemd v0.0.0-20190321100706-95778dfbb74e/go.mod h1:F5haX7vjVVG0kc13fIWeqUViNPyEJxv/OmvnBo0Yme4=
github.com/davecgh/go-spew v1.1.0/go.mod h1:J7Y8YcW2NihsgmVo/mv3lAwl/skON4iLHjSsI+c5H38=
github.com/davecgh/go-spew v1.1.1 h1:vj9j/u1bqnvCEfJOwUhtlOARqs3+rkHYY13jYWTU97c=
github.com/davecgh/go-spew v1.1.1/go.mod h1:J7Y8YcW2NihsgmVo/mv3lAwl/skON4iLHjSsI+c5H38=
github.com/go-yaml/yaml v2.1.0+incompatible h1:RYi2hDdss1u4YE7GwixGzWwVo47T8UQwnTLB6vQiq+o=
github.com/go-yaml/yaml v2.1.0+incompatible/go.mod h1:w2MrLa16VYP0jy6N7M5kHaCkaLENm+P+Tv+MfurjSw0=
github.com/kr/pretty v0.1.0 h1:L/CwN0zerZDmRFUapSPitk6f+Q3+0za1rQkzVuMiMFI=
github.com/kr/pretty v0.1.0/go.mod h1:dAy3ld7l9f0ibDNOQOHHMYYIIbhfbHSm3C4ZsoJORNo=
github.com/kr/pty v1.1.1/go.mod h1:pFQYn66WHrOpPYNljwOMqo10TkYh1fy3cYio2l3bCsQ=
github.com/kr/text v0.1.0 h1:45sCR5RtlFHMR4UwH9sdQ5TC8v0qDQCHnXt+kaKSTVE=
github.com/kr/text v0.1.0/go.mod h1:4Jbv+DJW3UT/LiOwJeYQe1efqtUx/iVham/4vfdArNI=
github.com/pkg/errors v0.8.1/go.mod h1:bwawxfHBFNV+L2hUp1rHADufV3IMtnDRdf1r5NINEl0=
github.com/pmezard/go-difflib v1.0.0 h1:4DBwDE0NGyQoBHbLQYPwSUPoCMWR5BEzIk/f1lZbAQM=
github.com/pmezard/go-difflib v1.0.0/go.mod h1:iKH77koFhYxTK1pcRnkKkqfTogsbg7gZNVY4sRDYZ/4=
github.com/rs/xid v1.2.1/go.mod h1:+uKXf+4Djp6Md1KODXJxgGQPKngRmWyn10oCKFzNHOQ=
github.com/rs/zerolog v1.15.0 h1:uPRuwkWF4J6fGsJ2R0Gn2jB1EQiav9k3S6CSdygQJXY=
github.com/rs/zerolog v1.15.0/go.mod h1:xYTKnLHcpfU2225ny5qZjxnj9NvkumZYjJHlAThCjNc=
github.com/sanity-io/litter v1.1.0 h1:BllcKWa3VbZmOZbDCoszYLk7zCsKHz5Beossi8SUcTc=
github.com/sanity-io/litter v1.1.0/go.mod h1:CJ0VCw2q4qKU7LaQr3n7UOSHzgEMgcGco7N/SkZQPjw=
github.com/sirkon/decconv v1.0.1 h1:K9bY7ykCx6SsfNNqRUJ7XnYeL8V5KL9QA7z0gM2YeB4=
github.com/sirkon/decconv v1.0.1/go.mod h1:BS/4ufhb1Bg4xk9n4loosVKh9D6HAHGmQEGZtJ0gcoM=
github.com/sirkon/ds128 v0.2.1/go.mod h1:xE/SmOyqwSba0apyOfmrQKOa4fp+/rLiSP50hAo2hHc=
github.com/sirkon/ds128 v0.2.2 h1:MO4w7LKsi2I1ZFCJWKlKSzhsEXUU1sIBY/5mizDDFpM=
github.com/sirkon/ds128 v0.2.2/go.mod h1:xE/SmOyqwSba0apyOfmrQKOa4fp+/rLiSP50hAo2hHc=
github.com/sirkon/errors v0.1.0 h1:J77D1W7jyOAgv0eZyj0yJxdHDgC+PanxI/2QTyfPOAI=
github.com/sirkon/errors v0.1.0/go.mod h1:azeNSqLplsbS6YKcxwU5fO1VPfh36jovHUJG8MrSswQ=
github.com/sirkon/gosrcfmt v1.7.0 h1:7MZYOKIxKatxFTT3MCQCs/o6nCXuBX7NkWazrc/FnJs=
github.com/sirkon/gosrcfmt v1.7.0/go.mod h1:BND5HTekpv2OQlbrhk55vyurK1tnpGIGxqHxfqTSXZE=
github.com/sirkon/gotify v0.6.1 h1:l5pX93pc2XJku309q1BTHQ3m7LL46oC13OnD9JlyARU=
github.com/sirkon/gotify v0.6.1/go.mod h1:Ug1SBGNdf47GF0kRc1NhDGxzKptCPuvFm5/Ec5MPkwI=
github.com/sirkon/message v1.5.1 h1:WkWYJGan4rkpAkZmHC0+Sy2da4orydz1lM6zL+CXAVQ=
github.com/sirkon/message v1.5.1/go.mod h1:66L/RZsLkQeAw8iJjJAhHg/Wr7g2I6Ewlp3laCsb0RA=
github.com/stretchr/objx v0.1.0/go.mod h1:HFkY916IF+rwdDfMAkV7OtwuqBVzrE8GR6GFx+wExME=
github.com/stretchr/testify v1.2.2/go.mod h1:a8OnRcib4nhh0OaRAV+Yts87kKdq0PP7pXfy6kDkUVs=
github.com/stretchr/testify v1.3.0/go.mod h1:M5WIy9Dh21IEIfnGCwXGc5bZfKNJtfHm1UVUgZn+9EI=
github.com/stretchr/testify v1.6.1 h1:hDPOHmpOpP40lSULcqw7IrRb/u7w6RpDC9399XyoNd0=
github.com/stretchr/testify v1.6.1/go.mod h1:6Fq8oRcR53rry900zMqJjRRixrwX3KX962/h/Wwjteg=
github.com/urfave/cli v1.20.0 h1:fDqGv3UG/4jbVl/QkFwEdddtEDjh/5Ov6X+0B/3bPaw=
github.com/urfave/cli v1.20.0/go.mod h1:70zkFmudgCuE/ngEzBv17Jvp/497gISqfk5gWijbERA=
github.com/zenazn/goji v0.9.0/go.mod h1:7S9M489iMyHBNxwZnk9/EHS098H4/F6TATF2mIxtB1Q=
golang.org/x/crypto v0.0.0-20190308221718-c2843e01d9a2/go.mod h1:djNgcEr1/C05ACkg1iLfiJU5Ep61QUkGW8qpdssI0+w=
golang.org/x/net v0.0.0-20190311183353-d8887717615a/go.mod h1:t9HGtf8HONx5eT2rtn7q6eTqICYqUVnKs3thJo3Qplg=
golang.org/x/sync v0.0.0-20190423024810-112230192c58/go.mod h1:RxMgew5VJxzue5/jJTE5uejpjVlOe/izrB70Jof72aM=
golang.org/x/sys v0.0.0-20190215142949-d0b11bdaac8a/go.mod h1:STP8DvDyc/dI5b8T5hshtkjS+E42TnysNCUPdjciGhY=
golang.org/x/text v0.3.0/go.mod h1:NqM8EUOU14njkJ3fqMW+pc6Ldnwhi/IjpwHt7yyuwOQ=
golang.org/x/tools v0.0.0-20190425163242-31fd60d6bfdc/go.mod h1:RgjU9mgBXZiqYHBnxXauZ1Gv1EHHAz9KjViQ78xBX0Q=
gopkg.in/check.v1 v0.0.0-20161208181325-20d25e280405/go.mod h1:Co6ibVJAznAaIkqp8huTwlJQCZ016jof/cbN4VW5Yz0=
gopkg.in/check.v1 v1.0.0-20190902080502-41f04d3bba15 h1:YR8cESwS4TdDjEe65xsg0ogRM/Nc3DYOhEAlW+xobZo=
gopkg.in/check.v1 v1.0.0-20190902080502-41f04d3bba15/go.mod h1:Co6ibVJAznAaIkqp8huTwlJQCZ016jof/cbN4VW5Yz0=
gopkg.in/yaml.v2 v2.2.8 h1:obN1ZagJSUGI0Ek/LBmuj4SNLPfIny3KsKFopxRdj10=
gopkg.in/yaml.v2 v2.2.8/go.mod h1:hI93XBmqTisBFMUTm0b8Fm+jr3Dg1NNxqwp+5A1VGuI=
gopkg.in/yaml.v3 v3.0.0-20200313102051-9f266ea9e77c/go.mod h1:K4uyk7z7BCEPqu6E+C64Yfv1cQ7kz7rIZviUmN+EgEM=
gopkg.in/yaml.v3 v3.0.0-20200615113413-eeeca48fe776 h1:tQIYjPdBoyREyB9XMu+nnTclpTYkz2zFM+lzLJFO4gQ=
gopkg.in/yaml.v3 v3.0.0-20200615113413-eeeca48fe776/go.mod h1:K4uyk7z7BCEPqu6E+C64Yfv1cQ7kz7rIZviUmN+EgEM=
