# This file is autogenerated, do not edit; changes may be undone by the next 'dep ensure'.


[[projects]]
  name = "github.com/davecgh/go-spew"
  packages = ["spew"]
  revision = "346938d642f2ec3594ed81d874461961cd0faa76"
  version = "v1.1.0"

[[projects]]
  branch = "v2"
  name = "github.com/go-yaml/yaml"
  packages = ["."]
  revision = "25c4ec802a7d637f88d584ab26798e94ad14c13b"

[[projects]]
  name = "github.com/pmezard/go-difflib"
  packages = ["difflib"]
  revision = "792786c7400a136282c1664665ae0a8db921c6c2"
  version = "v1.0.0"

[[projects]]
  name = "github.com/sirkon/gosrcfmt"
  packages = ["."]
  revision = "0a0058817305d572688a1021db8fd45dd83d8cf7"
  version = "v1.0"

[[projects]]
  name = "github.com/sirkon/gotify"
  packages = ["."]
  revision = "bf187db5aca4fdc416743fefa51736051aaafa11"
  version = "v0.5"

[[projects]]
  name = "github.com/sirkon/message"
  packages = ["."]
  revision = "4c43b51aab28b44b3b33deff9233a09a1aa143ba"
  version = "v1.0"

[[projects]]
  name = "github.com/stretchr/testify"
  packages = ["assert","require"]
  revision = "69483b4bd14f5845b5a1e55bca19e954e827f1d0"
  version = "v1.1.4"

[[projects]]
  name = "github.com/urfave/cli"
  packages = ["."]
  revision = "0bdeddeeb0f650497d603c4ad7b20cfe685682f6"
  version = "v1.19.1"

[solve-meta]
  analyzer-name = "dep"
  analyzer-version = 1
  inputs-digest = "6325f47b09c236c5fd2532cafb0f449356333a9ab958f340db773ce8fabdb43c"
  solver-name = "gps-cdcl"
  solver-version = 1
